
Microsoft Visual Studio Solution File, Format Version 12.00
# Visual Studio Version 17
VisualStudioVersion = 17.9.34723.18
MinimumVisualStudioVersion = 10.0.40219.1
Project("{FAE04EC0-301F-11D3-BF4B-00C04F79EFBC}") = "appcraw_cls", "appcraw_cls\appcraw_cls.csproj", "{0A94DED0-705E-42D7-A4A0-42666115B15F}"
EndProject
Global
	GlobalSection(SolutionConfigurationPlatforms) = preSolution
		Debug|Any CPU = Debug|Any CPU
		Release|Any CPU = Release|Any CPU
	EndGlobalSection
	GlobalSection(ProjectConfigurationPlatforms) = postSolution
		{0A94DED0-705E-42D7-A4A0-42666115B15F}.Debug|Any CPU.ActiveCfg = Debug|Any CPU
		{0A94DED0-705E-42D7-A4A0-42666115B15F}.Debug|Any CPU.Build.0 = Debug|Any CPU
		{0A94DED0-705E-42D7-A4A0-42666115B15F}.Release|Any CPU.ActiveCfg = Release|Any CPU
		{0A94DED0-705E-42D7-A4A0-42666115B15F}.Release|Any CPU.Build.0 = Release|Any CPU
	EndGlobalSection
	GlobalSection(SolutionProperties) = preSolution
		HideSolutionNode = FALSE
	EndGlobalSection
EndGlobal
